
Microsoft Visual Studio Solution File, Format Version 12.00
# Visual Studio Version 16
VisualStudioVersion = 16.0.31829.152
MinimumVisualStudioVersion = 10.0.40219.1
Project("{8BC9CEB8-8B4A-11D0-8D11-00A0C91BC942}") = "UserRegistration", "UserRegistration.vcxproj", "{06DD5DE7-D584-420E-81EC-FB129E52AFEA}"
EndProject
Project("{8BC9CEB8-8B4A-11D0-8D11-00A0C91BC942}") = "UserRegistrationTest", "UserRegistrationTest\UserRegistrationTest.vcxproj", "{61E45984-E467-494E-806C-61574F64AB41}"
EndProject
Global
	GlobalSection(SolutionConfigurationPlatforms) = preSolution
		Debug|x64 = Debug|x64
		Debug|x86 = Debug|x86
		Release|x64 = Release|x64
		Release|x86 = Release|x86
	EndGlobalSection
	GlobalSection(ProjectConfigurationPlatforms) = postSolution
		{06DD5DE7-D584-420E-81EC-FB129E52AFEA}.Debug|x64.ActiveCfg = Debug|x64
		{06DD5DE7-D584-420E-81EC-FB129E52AFEA}.Debug|x64.Build.0 = Debug|x64
		{06DD5DE7-D584-420E-81EC-FB129E52AFEA}.Debug|x86.ActiveCfg = Debug|Win32
		{06DD5DE7-D584-420E-81EC-FB129E52AFEA}.Debug|x86.Build.0 = Debug|Win32
		{06DD5DE7-D584-420E-81EC-FB129E52AFEA}.Release|x64.ActiveCfg = Release|x64
		{06DD5DE7-D584-420E-81EC-FB129E52AFEA}.Release|x64.Build.0 = Release|x64
		{06DD5DE7-D584-420E-81EC-FB129E52AFEA}.Release|x86.ActiveCfg = Release|Win32
		{06DD5DE7-D584-420E-81EC-FB129E52AFEA}.Release|x86.Build.0 = Release|Win32
		{61E45984-E467-494E-806C-61574F64AB41}.Debug|x64.ActiveCfg = Debug|x64
		{61E45984-E467-494E-806C-61574F64AB41}.Debug|x64.Build.0 = Debug|x64
		{61E45984-E467-494E-806C-61574F64AB41}.Debug|x86.ActiveCfg = Debug|Win32
		{61E45984-E467-494E-806C-61574F64AB41}.Debug|x86.Build.0 = Debug|Win32
		{61E45984-E467-494E-806C-61574F64AB41}.Release|x64.ActiveCfg = Release|x64
		{61E45984-E467-494E-806C-61574F64AB41}.Release|x64.Build.0 = Release|x64
		{61E45984-E467-494E-806C-61574F64AB41}.Release|x86.ActiveCfg = Release|Win32
		{61E45984-E467-494E-806C-61574F64AB41}.Release|x86.Build.0 = Release|Win32
	EndGlobalSection
	GlobalSection(SolutionProperties) = preSolution
		HideSolutionNode = FALSE
	EndGlobalSection
	GlobalSection(ExtensibilityGlobals) = postSolution
		SolutionGuid = {0FA9CA34-25DE-40BF-9E80-C1CFE10C964A}
	EndGlobalSection
EndGlobal
